
Microsoft Visual Studio Solution File, Format Version 12.00
# Visual Studio Version 16
VisualStudioVersion = 16.0.30907.101
MinimumVisualStudioVersion = 10.0.40219.1
Project("{9A19103F-16F7-4668-BE54-9A1E7A4F7556}") = "PatternClient", "PatternClient\PatternClient.csproj", "{3909ADBC-9507-4386-A887-6CF7C83A5121}"
EndProject
Project("{9A19103F-16F7-4668-BE54-9A1E7A4F7556}") = "AbstractFactory", "AbstractFactory\AbstractFactory.csproj", "{1D60797C-1188-41B8-A540-D54C0FD74347}"
EndProject
Project("{9A19103F-16F7-4668-BE54-9A1E7A4F7556}") = "FactoryMethod", "FactoryMethod\FactoryMethod.csproj", "{2053C94A-40FC-4204-90C2-5F9C71790457}"
EndProject
Project("{9A19103F-16F7-4668-BE54-9A1E7A4F7556}") = "Adapter", "Adapter\Adapter.csproj", "{B5D1ECCE-1FDE-4BE5-8EEF-41F8DA6D800C}"
EndProject
Project("{9A19103F-16F7-4668-BE54-9A1E7A4F7556}") = "Facade", "Facade\Facade.csproj", "{BCA3E18F-F72B-42D5-BE83-9EB0433321AF}"
EndProject
Project("{9A19103F-16F7-4668-BE54-9A1E7A4F7556}") = "Decorator", "Decorator\Decorator.csproj", "{511ED440-7EAA-4E37-BF6E-5ACDB3BC45AD}"
EndProject
Project("{FAE04EC0-301F-11D3-BF4B-00C04F79EFBC}") = "Proxy", "Proxy\Proxy.csproj", "{937A80C8-2023-473A-8615-C7A46B6FDDAD}"
EndProject
Global
	GlobalSection(SolutionConfigurationPlatforms) = preSolution
		Debug|Any CPU = Debug|Any CPU
		Release|Any CPU = Release|Any CPU
	EndGlobalSection
	GlobalSection(ProjectConfigurationPlatforms) = postSolution
		{3909ADBC-9507-4386-A887-6CF7C83A5121}.Debug|Any CPU.ActiveCfg = Debug|Any CPU
		{3909ADBC-9507-4386-A887-6CF7C83A5121}.Debug|Any CPU.Build.0 = Debug|Any CPU
		{3909ADBC-9507-4386-A887-6CF7C83A5121}.Release|Any CPU.ActiveCfg = Release|Any CPU
		{3909ADBC-9507-4386-A887-6CF7C83A5121}.Release|Any CPU.Build.0 = Release|Any CPU
		{1D60797C-1188-41B8-A540-D54C0FD74347}.Debug|Any CPU.ActiveCfg = Debug|Any CPU
		{1D60797C-1188-41B8-A540-D54C0FD74347}.Debug|Any CPU.Build.0 = Debug|Any CPU
		{1D60797C-1188-41B8-A540-D54C0FD74347}.Release|Any CPU.ActiveCfg = Release|Any CPU
		{1D60797C-1188-41B8-A540-D54C0FD74347}.Release|Any CPU.Build.0 = Release|Any CPU
		{2053C94A-40FC-4204-90C2-5F9C71790457}.Debug|Any CPU.ActiveCfg = Debug|Any CPU
		{2053C94A-40FC-4204-90C2-5F9C71790457}.Debug|Any CPU.Build.0 = Debug|Any CPU
		{2053C94A-40FC-4204-90C2-5F9C71790457}.Release|Any CPU.ActiveCfg = Release|Any CPU
		{2053C94A-40FC-4204-90C2-5F9C71790457}.Release|Any CPU.Build.0 = Release|Any CPU
		{B5D1ECCE-1FDE-4BE5-8EEF-41F8DA6D800C}.Debug|Any CPU.ActiveCfg = Debug|Any CPU
		{B5D1ECCE-1FDE-4BE5-8EEF-41F8DA6D800C}.Debug|Any CPU.Build.0 = Debug|Any CPU
		{B5D1ECCE-1FDE-4BE5-8EEF-41F8DA6D800C}.Release|Any CPU.ActiveCfg = Release|Any CPU
		{B5D1ECCE-1FDE-4BE5-8EEF-41F8DA6D800C}.Release|Any CPU.Build.0 = Release|Any CPU
		{BCA3E18F-F72B-42D5-BE83-9EB0433321AF}.Debug|Any CPU.ActiveCfg = Debug|Any CPU
		{BCA3E18F-F72B-42D5-BE83-9EB0433321AF}.Debug|Any CPU.Build.0 = Debug|Any CPU
		{BCA3E18F-F72B-42D5-BE83-9EB0433321AF}.Release|Any CPU.ActiveCfg = Release|Any CPU
		{BCA3E18F-F72B-42D5-BE83-9EB0433321AF}.Release|Any CPU.Build.0 = Release|Any CPU
		{511ED440-7EAA-4E37-BF6E-5ACDB3BC45AD}.Debug|Any CPU.ActiveCfg = Debug|Any CPU
		{511ED440-7EAA-4E37-BF6E-5ACDB3BC45AD}.Debug|Any CPU.Build.0 = Debug|Any CPU
		{511ED440-7EAA-4E37-BF6E-5ACDB3BC45AD}.Release|Any CPU.ActiveCfg = Release|Any CPU
		{511ED440-7EAA-4E37-BF6E-5ACDB3BC45AD}.Release|Any CPU.Build.0 = Release|Any CPU
		{937A80C8-2023-473A-8615-C7A46B6FDDAD}.Debug|Any CPU.ActiveCfg = Debug|Any CPU
		{937A80C8-2023-473A-8615-C7A46B6FDDAD}.Debug|Any CPU.Build.0 = Debug|Any CPU
		{937A80C8-2023-473A-8615-C7A46B6FDDAD}.Release|Any CPU.ActiveCfg = Release|Any CPU
		{937A80C8-2023-473A-8615-C7A46B6FDDAD}.Release|Any CPU.Build.0 = Release|Any CPU
	EndGlobalSection
	GlobalSection(SolutionProperties) = preSolution
		HideSolutionNode = FALSE
	EndGlobalSection
	GlobalSection(ExtensibilityGlobals) = postSolution
		SolutionGuid = {EEB536FA-173C-4BC4-9072-9DD2F6012B2E}
	EndGlobalSection
EndGlobal
